
Microsoft Visual Studio Solution File, Format Version 12.00
# Visual Studio Version 17
VisualStudioVersion = 17.13.35919.96 d17.13
MinimumVisualStudioVersion = 10.0.40219.1
Project("{FAE04EC0-301F-11D3-BF4B-00C04F79EFBC}") = "TestSpot", "TestSpot\TestSpot.csproj", "{2AA5DA51-CAB8-4B63-AFD9-671E42597E8A}"
EndProject
Global
	GlobalSection(SolutionConfigurationPlatforms) = preSolution
		Debug|Any CPU = Debug|Any CPU
		Release|Any CPU = Release|Any CPU
	EndGlobalSection
	GlobalSection(ProjectConfigurationPlatforms) = postSolution
		{2AA5DA51-CAB8-4B63-AFD9-671E42597E8A}.Debug|Any CPU.ActiveCfg = Debug|Any CPU
		{2AA5DA51-CAB8-4B63-AFD9-671E42597E8A}.Debug|Any CPU.Build.0 = Debug|Any CPU
		{2AA5DA51-CAB8-4B63-AFD9-671E42597E8A}.Release|Any CPU.ActiveCfg = Release|Any CPU
		{2AA5DA51-CAB8-4B63-AFD9-671E42597E8A}.Release|Any CPU.Build.0 = Release|Any CPU
	EndGlobalSection
	GlobalSection(SolutionProperties) = preSolution
		HideSolutionNode = FALSE
	EndGlobalSection
	GlobalSection(ExtensibilityGlobals) = postSolution
		SolutionGuid = {88A482C9-E9EA-47BA-911B-C489E06064E2}
	EndGlobalSection
EndGlobal
